
Microsoft Visual Studio Solution File, Format Version 12.00
Project("{FAE04EC0-301F-11D3-BF4B-00C04F79EFBC}") = "Boolean9", "Boolean9\Boolean9.csproj", "{B0781CAF-0C0F-4E40-9C9C-67B992B9D69D}"
EndProject
Global
	GlobalSection(SolutionConfigurationPlatforms) = preSolution
		Debug|Any CPU = Debug|Any CPU
		Release|Any CPU = Release|Any CPU
	EndGlobalSection
	GlobalSection(ProjectConfigurationPlatforms) = postSolution
		{B0781CAF-0C0F-4E40-9C9C-67B992B9D69D}.Debug|Any CPU.ActiveCfg = Debug|Any CPU
		{B0781CAF-0C0F-4E40-9C9C-67B992B9D69D}.Debug|Any CPU.Build.0 = Debug|Any CPU
		{B0781CAF-0C0F-4E40-9C9C-67B992B9D69D}.Release|Any CPU.ActiveCfg = Release|Any CPU
		{B0781CAF-0C0F-4E40-9C9C-67B992B9D69D}.Release|Any CPU.Build.0 = Release|Any CPU
	EndGlobalSection
EndGlobal
